
Microsoft Visual Studio Solution File, Format Version 12.00
# Visual Studio 2015
Project("{FAE04EC0-301F-11D3-BF4B-00C04F79EFBC}") = "CosplayAR-2.CSharp", "CosplayAR-2.CSharp.csproj", "{9FE4EAB0-B915-0BA6-09E9-959895C99139}"
EndProject
Project("{FAE04EC0-301F-11D3-BF4B-00C04F79EFBC}") = "CosplayAR-2.CSharp.Editor", "CosplayAR-2.CSharp.Editor.csproj", "{09D4235F-0C73-5124-C54F-D107BB1E9291}"
EndProject
Global
	GlobalSection(SolutionConfigurationPlatforms) = preSolution
		Debug|Any CPU = Debug|Any CPU
		Release|Any CPU = Release|Any CPU
	EndGlobalSection
	GlobalSection(ProjectConfigurationPlatforms) = postSolution
		{9FE4EAB0-B915-0BA6-09E9-959895C99139}.Debug|Any CPU.ActiveCfg = Debug|Any CPU
		{9FE4EAB0-B915-0BA6-09E9-959895C99139}.Debug|Any CPU.Build.0 = Debug|Any CPU
		{9FE4EAB0-B915-0BA6-09E9-959895C99139}.Release|Any CPU.ActiveCfg = Release|Any CPU
		{9FE4EAB0-B915-0BA6-09E9-959895C99139}.Release|Any CPU.Build.0 = Release|Any CPU
		{09D4235F-0C73-5124-C54F-D107BB1E9291}.Debug|Any CPU.ActiveCfg = Debug|Any CPU
		{09D4235F-0C73-5124-C54F-D107BB1E9291}.Debug|Any CPU.Build.0 = Debug|Any CPU
		{09D4235F-0C73-5124-C54F-D107BB1E9291}.Release|Any CPU.ActiveCfg = Release|Any CPU
		{09D4235F-0C73-5124-C54F-D107BB1E9291}.Release|Any CPU.Build.0 = Release|Any CPU
	EndGlobalSection
	GlobalSection(SolutionProperties) = preSolution
		HideSolutionNode = FALSE
	EndGlobalSection
EndGlobal
